// !$*UTF8*$!
{
	archiveVersion = 1;
	classes = {
	};
	objectVersion = 56;
	objects = {

/* Begin PBXBuildFile section */
		07224D4D29C46C1E001D9204 /* AppDelegate.swift in Sources */ = {isa = PBXBuildFile; fileRef = 07224D4C29C46C1E001D9204 /* AppDelegate.swift */; };
		07224D4F29C46C1E001D9204 /* SceneDelegate.swift in Sources */ = {isa = PBXBuildFile; fileRef = 07224D4E29C46C1E001D9204 /* SceneDelegate.swift */; };
		07224D5129C46C1E001D9204 /* ViewController.swift in Sources */ = {isa = PBXBuildFile; fileRef = 07224D5029C46C1E001D9204 /* ViewController.swift */; };
		07224D5429C46C1E001D9204 /* Main.storyboard in Resources */ = {isa = PBXBuildFile; fileRef = 07224D5229C46C1E001D9204 /* Main.storyboard */; };
		07224D5629C46C21001D9204 /* Assets.xcassets in Resources */ = {isa = PBXBuildFile; fileRef = 07224D5529C46C21001D9204 /* Assets.xcassets */; };
		07224D5929C46C21001D9204 /* LaunchScreen.storyboard in Resources */ = {isa = PBXBuildFile; fileRef = 07224D5729C46C21001D9204 /* LaunchScreen.storyboard */; };
		9098E6FDE51B2BCD4A3480C3 /* Pods_faceBookSignUp.framework in Frameworks */ = {isa = PBXBuildFile; fileRef = C1F7234B55F8854216E46641 /* Pods_faceBookSignUp.framework */; };
/* End PBXBuildFile section */

/* Begin PBXFileReference section */
		07224D4929C46C1E001D9204 /* faceBookSignUp.app */ = {isa = PBXFileReference; explicitFileType = wrapper.application; includeInIndex = 0; path = faceBookSignUp.app; sourceTree = BUILT_PRODUCTS_DIR; };
		07224D4C29C46C1E001D9204 /* AppDelegate.swift */ = {isa = PBXFileReference; lastKnownFileType = sourcecode.swift; path = AppDelegate.swift; sourceTree = "<group>"; };
		07224D4E29C46C1E001D9204 /* SceneDelegate.swift */ = {isa = PBXFileReference; lastKnownFileType = sourcecode.swift; path = SceneDelegate.swift; sourceTree = "<group>"; };
		07224D5029C46C1E001D9204 /* ViewController.swift */ = {isa = PBXFileReference; lastKnownFileType = sourcecode.swift; path = ViewController.swift; sourceTree = "<group>"; };
		07224D5329C46C1E001D9204 /* Base */ = {isa = PBXFileReference; lastKnownFileType = file.storyboard; name = Base; path = Base.lproj/Main.storyboard; sourceTree = "<group>"; };
		07224D5529C46C21001D9204 /* Assets.xcassets */ = {isa = PBXFileReference; lastKnownFileType = folder.assetcatalog; path = Assets.xcassets; sourceTree = "<group>"; };
		07224D5829C46C21001D9204 /* Base */ = {isa = PBXFileReference; lastKnownFileType = file.storyboard; name = Base; path = Base.lproj/LaunchScreen.storyboard; sourceTree = "<group>"; };
		07224D5A29C46C21001D9204 /* Info.plist */ = {isa = PBXFileReference; lastKnownFileType = text.plist.xml; path = Info.plist; sourceTree = "<group>"; };
		AA67DAE4E18B2779D68C0B6D /* Pods-faceBookSignUp.debug.xcconfig */ = {isa = PBXFileReference; includeInIndex = 1; lastKnownFileType = text.xcconfig; name = "Pods-faceBookSignUp.debug.xcconfig"; path = "Target Support Files/Pods-faceBookSignUp/Pods-faceBookSignUp.debug.xcconfig"; sourceTree = "<group>"; };
		C1F7234B55F8854216E46641 /* Pods_faceBookSignUp.framework */ = {isa = PBXFileReference; explicitFileType = wrapper.framework; includeInIndex = 0; path = Pods_faceBookSignUp.framework; sourceTree = BUILT_PRODUCTS_DIR; };
		DB2AF1117713F2D5F9194583 /* Pods-faceBookSignUp.release.xcconfig */ = {isa = PBXFileReference; includeInIndex = 1; lastKnownFileType = text.xcconfig; name = "Pods-faceBookSignUp.release.xcconfig"; path = "Target Support Files/Pods-faceBookSignUp/Pods-faceBookSignUp.release.xcconfig"; sourceTree = "<group>"; };
/* End PBXFileReference section */

/* Begin PBXFrameworksBuildPhase section */
		07224D4629C46C1E001D9204 /* Frameworks */ = {
			isa = PBXFrameworksBuildPhase;
			buildActionMask = 2147483647;
			files = (
				9098E6FDE51B2BCD4A3480C3 /* Pods_faceBookSignUp.framework in Frameworks */,
			);
			runOnlyForDeploymentPostprocessing = 0;
		};
/* End PBXFrameworksBuildPhase section */

/* Begin PBXGroup section */
		07224D4029C46C1E001D9204 = {
			isa = PBXGroup;
			children = (
				07224D4B29C46C1E001D9204 /* faceBookSignUp */,
				07224D4A29C46C1E001D9204 /* Products */,
				A5DE154B62C6F2A87F23A4C5 /* Pods */,
				26E97B9649D29C5E097DF1B5 /* Frameworks */,
			);
			sourceTree = "<group>";
		};
		07224D4A29C46C1E001D9204 /* Products */ = {
			isa = PBXGroup;
			children = (
				07224D4929C46C1E001D9204 /* faceBookSignUp.app */,
			);
			name = Products;
			sourceTree = "<group>";
		};
		07224D4B29C46C1E001D9204 /* faceBookSignUp */ = {
			isa = PBXGroup;
			children = (
				07224D4C29C46C1E001D9204 /* AppDelegate.swift */,
				07224D4E29C46C1E001D9204 /* SceneDelegate.swift */,
				07224D5029C46C1E001D9204 /* ViewController.swift */,
				07224D5229C46C1E001D9204 /* Main.storyboard */,
				07224D5529C46C21001D9204 /* Assets.xcassets */,
				07224D5729C46C21001D9204 /* LaunchScreen.storyboard */,
				07224D5A29C46C21001D9204 /* Info.plist */,
			);
			path = faceBookSignUp;
			sourceTree = "<group>";
		};
		26E97B9649D29C5E097DF1B5 /* Frameworks */ = {
			isa = PBXGroup;
			children = (
				C1F7234B55F8854216E46641 /* Pods_faceBookSignUp.framework */,
			);
			name = Frameworks;
			sourceTree = "<group>";
		};
		A5DE154B62C6F2A87F23A4C5 /* Pods */ = {
			isa = PBXGroup;
			children = (
				AA67DAE4E18B2779D68C0B6D /* Pods-faceBookSignUp.debug.xcconfig */,
				DB2AF1117713F2D5F9194583 /* Pods-faceBookSignUp.release.xcconfig */,
			);
			path = Pods;
			sourceTree = "<group>";
		};
/* End PBXGroup section */

/* Begin PBXNativeTarget section */
		07224D4829C46C1E001D9204 /* faceBookSignUp */ = {
			isa = PBXNativeTarget;
			buildConfigurationList = 07224D5D29C46C21001D9204 /* Build configuration list for PBXNativeTarget "faceBookSignUp" */;
			buildPhases = (
				4DCFE01411740ECC83095969 /* [CP] Check Pods Manifest.lock */,
				07224D4529C46C1E001D9204 /* Sources */,
				07224D4629C46C1E001D9204 /* Frameworks */,
				07224D4729C46C1E001D9204 /* Resources */,
				28D2CF404626D4DEAC16C2C4 /* [CP] Embed Pods Frameworks */,
			);
			buildRules = (
			);
			dependencies = (
			);
			name = faceBookSignUp;
			productName = faceBookSignUp;
			productReference = 07224D4929C46C1E001D9204 /* faceBookSignUp.app */;
			productType = "com.apple.product-type.application";
		};
/* End PBXNativeTarget section */

/* Begin PBXProject section */
		07224D4129C46C1E001D9204 /* Project object */ = {
			isa = PBXProject;
			attributes = {
				BuildIndependentTargetsInParallel = 1;
				LastSwiftUpdateCheck = 1420;
				LastUpgradeCheck = 1420;
				TargetAttributes = {
					07224D4829C46C1E001D9204 = {
						CreatedOnToolsVersion = 14.2;
					};
				};
			};
			buildConfigurationList = 07224D4429C46C1E001D9204 /* Build configuration list for PBXProject "faceBookSignUp" */;
			compatibilityVersion = "Xcode 14.0";
			developmentRegion = en;
			hasScannedForEncodings = 0;
			knownRegions = (
				en,
				Base,
			);
			mainGroup = 07224D4029C46C1E001D9204;
			productRefGroup = 07224D4A29C46C1E001D9204 /* Products */;
			projectDirPath = "";
			projectRoot = "";
			targets = (
				07224D4829C46C1E001D9204 /* faceBookSignUp */,
			);
		};
/* End PBXProject section */

/* Begin PBXResourcesBuildPhase section */
		07224D4729C46C1E001D9204 /* Resources */ = {
			isa = PBXResourcesBuildPhase;
			buildActionMask = 2147483647;
			files = (
				07224D5929C46C21001D9204 /* LaunchScreen.storyboard in Resources */,
				07224D5629C46C21001D9204 /* Assets.xcassets in Resources */,
				07224D5429C46C1E001D9204 /* Main.storyboard in Resources */,
			);
			runOnlyForDeploymentPostprocessing = 0;
		};
/* End PBXResourcesBuildPhase section */

/* Begin PBXShellScriptBuildPhase section */
		28D2CF404626D4DEAC16C2C4 /* [CP] Embed Pods Frameworks */ = {
			isa = PBXShellScriptBuildPhase;
			buildActionMask = 2147483647;
			files = (
			);
			inputFileListPaths = (
				"${PODS_ROOT}/Target Support Files/Pods-faceBookSignUp/Pods-faceBookSignUp-frameworks-${CONFIGURATION}-input-files.xcfilelist",
			);
			name = "[CP] Embed Pods Frameworks";
			outputFileListPaths = (
				"${PODS_ROOT}/Target Support Files/Pods-faceBookSignUp/Pods-faceBookSignUp-frameworks-${CONFIGURATION}-output-files.xcfilelist",
			);
			runOnlyForDeploymentPostprocessing = 0;
			shellPath = /bin/sh;
			shellScript = "\"${PODS_ROOT}/Target Support Files/Pods-faceBookSignUp/Pods-faceBookSignUp-frameworks.sh\"\n";
			showEnvVarsInLog = 0;
		};
		4DCFE01411740ECC83095969 /* [CP] Check Pods Manifest.lock */ = {
			isa = PBXShellScriptBuildPhase;
			buildActionMask = 2147483647;
			files = (
			);
			inputFileListPaths = (
			);
			inputPaths = (
				"${PODS_PODFILE_DIR_PATH}/Podfile.lock",
				"${PODS_ROOT}/Manifest.lock",
			);
			name = "[CP] Check Pods Manifest.lock";
			outputFileListPaths = (
			);
			outputPaths = (
				"$(DERIVED_FILE_DIR)/Pods-faceBookSignUp-checkManifestLockResult.txt",
			);
			runOnlyForDeploymentPostprocessing = 0;
			shellPath = /bin/sh;
			shellScript = "diff \"${PODS_PODFILE_DIR_PATH}/Podfile.lock\" \"${PODS_ROOT}/Manifest.lock\" > /dev/null\nif [ $? != 0 ] ; then\n    # print error to STDERR\n    echo \"error: The sandbox is not in sync with the Podfile.lock. Run 'pod install' or update your CocoaPods installation.\" >&2\n    exit 1\nfi\n# This output is used by Xcode 'outputs' to avoid re-running this script phase.\necho \"SUCCESS\" > \"${SCRIPT_OUTPUT_FILE_0}\"\n";
			showEnvVarsInLog = 0;
		};
/* End PBXShellScriptBuildPhase section */

/* Begin PBXSourcesBuildPhase section */
		07224D4529C46C1E001D9204 /* Sources */ = {
			isa = PBXSourcesBuildPhase;
			buildActionMask = 2147483647;
			files = (
				07224D5129C46C1E001D9204 /* ViewController.swift in Sources */,
				07224D4D29C46C1E001D9204 /* AppDelegate.swift in Sources */,
				07224D4F29C46C1E001D9204 /* SceneDelegate.swift in Sources */,
			);
			runOnlyForDeploymentPostprocessing = 0;
		};
/* End PBXSourcesBuildPhase section */

/* Begin PBXVariantGroup section */
		07224D5229C46C1E001D9204 /* Main.storyboard */ = {
			isa = PBXVariantGroup;
			children = (
				07224D5329C46C1E001D9204 /* Base */,
			);
			name = Main.storyboard;
			sourceTree = "<group>";
		};
		07224D5729C46C21001D9204 /* LaunchScreen.storyboard */ = {
			isa = PBXVariantGroup;
			children = (
				07224D5829C46C21001D9204 /* Base */,
			);
			name = LaunchScreen.storyboard;
			sourceTree = "<group>";
		};
/* End PBXVariantGroup section */

/* Begin XCBuildConfiguration section */
		07224D5B29C46C21001D9204 /* Debug */ = {
			isa = XCBuildConfiguration;
			buildSettings = {
				ALWAYS_SEARCH_USER_PATHS = NO;
				CLANG_ANALYZER_NONNULL = YES;
				CLANG_ANALYZER_NUMBER_OBJECT_CONVERSION = YES_AGGRESSIVE;
				CLANG_CXX_LANGUAGE_STANDARD = "gnu++20";
				CLANG_ENABLE_MODULES = YES;
				CLANG_ENABLE_OBJC_ARC = YES;
				CLANG_ENABLE_OBJC_WEAK = YES;
				CLANG_WARN_BLOCK_CAPTURE_AUTORELEASING = YES;
				CLANG_WARN_BOOL_CONVERSION = YES;
				CLANG_WARN_COMMA = YES;
				CLANG_WARN_CONSTANT_CONVERSION = YES;
				CLANG_WARN_DEPRECATED_OBJC_IMPLEMENTATIONS = YES;
				CLANG_WARN_DIRECT_OBJC_ISA_USAGE = YES_ERROR;
				CLANG_WARN_DOCUMENTATION_COMMENTS = YES;
				CLANG_WARN_EMPTY_BODY = YES;
				CLANG_WARN_ENUM_CONVERSION = YES;
				CLANG_WARN_INFINITE_RECURSION = YES;
				CLANG_WARN_INT_CONVERSION = YES;
				CLANG_WARN_NON_LITERAL_NULL_CONVERSION = YES;
				CLANG_WARN_OBJC_IMPLICIT_RETAIN_SELF = YES;
				CLANG_WARN_OBJC_LITERAL_CONVERSION = YES;
				CLANG_WARN_OBJC_ROOT_CLASS = YES_ERROR;
				CLANG_WARN_QUOTED_INCLUDE_IN_FRAMEWORK_HEADER = YES;
				CLANG_WARN_RANGE_LOOP_ANALYSIS = YES;
				CLANG_WARN_STRICT_PROTOTYPES = YES;
				CLANG_WARN_SUSPICIOUS_MOVE = YES;
				CLANG_WARN_UNGUARDED_AVAILABILITY = YES_AGGRESSIVE;
				CLANG_WARN_UNREACHABLE_CODE = YES;
				CLANG_WARN__DUPLICATE_METHOD_MATCH = YES;
				COPY_PHASE_STRIP = NO;
				DEBUG_INFORMATION_FORMAT = dwarf;
				ENABLE_STRICT_OBJC_MSGSEND = YES;
				ENABLE_TESTABILITY = YES;
				GCC_C_LANGUAGE_STANDARD = gnu11;
				GCC_DYNAMIC_NO_PIC = NO;
				GCC_NO_COMMON_BLOCKS = YES;
				GCC_OPTIMIZATION_LEVEL = 0;
				GCC_PREPROCESSOR_DEFINITIONS = (
					"DEBUG=1",
					"$(inherited)",
				);
				GCC_WARN_64_TO_32_BIT_CONVERSION = YES;
				GCC_WARN_ABOUT_RETURN_TYPE = YES_ERROR;
				GCC_WARN_UNDECLARED_SELECTOR = YES;
				GCC_WARN_UNINITIALIZED_AUTOS = YES_AGGRESSIVE;
				GCC_WARN_UNUSED_FUNCTION = YES;
				GCC_WARN_UNUSED_VARIABLE = YES;
				IPHONEOS_DEPLOYMENT_TARGET = 16.2;
				MTL_ENABLE_DEBUG_INFO = INCLUDE_SOURCE;
				MTL_FAST_MATH = YES;
				ONLY_ACTIVE_ARCH = YES;
				SDKROOT = iphoneos;
				SWIFT_ACTIVE_COMPILATION_CONDITIONS = DEBUG;
				SWIFT_OPTIMIZATION_LEVEL = "-Onone";
			};
			name = Debug;
		};
		07224D5C29C46C21001D9204 /* Release */ = {
			isa = XCBuildConfiguration;
			buildSettings = {
				ALWAYS_SEARCH_USER_PATHS = NO;
				CLANG_ANALYZER_NONNULL = YES;
				CLANG_ANALYZER_NUMBER_OBJECT_CONVERSION = YES_AGGRESSIVE;
				CLANG_CXX_LANGUAGE_STANDARD = "gnu++20";
				CLANG_ENABLE_MODULES = YES;
				CLANG_ENABLE_OBJC_ARC = YES;
				CLANG_ENABLE_OBJC_WEAK = YES;
				CLANG_WARN_BLOCK_CAPTURE_AUTORELEASING = YES;
				CLANG_WARN_BOOL_CONVERSION = YES;
				CLANG_WARN_COMMA = YES;
				CLANG_WARN_CONSTANT_CONVERSION = YES;
				CLANG_WARN_DEPRECATED_OBJC_IMPLEMENTATIONS = YES;
				CLANG_WARN_DIRECT_OBJC_ISA_USAGE = YES_ERROR;
				CLANG_WARN_DOCUMENTATION_COMMENTS = YES;
				CLANG_WARN_EMPTY_BODY = YES;
				CLANG_WARN_ENUM_CONVERSION = YES;
				CLANG_WARN_INFINITE_RECURSION = YES;
				CLANG_WARN_INT_CONVERSION = YES;
				CLANG_WARN_NON_LITERAL_NULL_CONVERSION = YES;
				CLANG_WARN_OBJC_IMPLICIT_RETAIN_SELF = YES;
				CLANG_WARN_OBJC_LITERAL_CONVERSION = YES;
				CLANG_WARN_OBJC_ROOT_CLASS = YES_ERROR;
				CLANG_WARN_QUOTED_INCLUDE_IN_FRAMEWORK_HEADER = YES;
				CLANG_WARN_RANGE_LOOP_ANALYSIS = YES;
				CLANG_WARN_STRICT_PROTOTYPES = YES;
				CLANG_WARN_SUSPICIOUS_MOVE = YES;
				CLANG_WARN_UNGUARDED_AVAILABILITY = YES_AGGRESSIVE;
				CLANG_WARN_UNREACHABLE_CODE = YES;
				CLANG_WARN__DUPLICATE_METHOD_MATCH = YES;
				COPY_PHASE_STRIP = NO;
				DEBUG_INFORMATION_FORMAT = "dwarf-with-dsym";
				ENABLE_NS_ASSERTIONS = NO;
				ENABLE_STRICT_OBJC_MSGSEND = YES;
				GCC_C_LANGUAGE_STANDARD = gnu11;
				GCC_NO_COMMON_BLOCKS = YES;
				GCC_WARN_64_TO_32_BIT_CONVERSION = YES;
				GCC_WARN_ABOUT_RETURN_TYPE = YES_ERROR;
				GCC_WARN_UNDECLARED_SELECTOR = YES;
				GCC_WARN_UNINITIALIZED_AUTOS = YES_AGGRESSIVE;
				GCC_WARN_UNUSED_FUNCTION = YES;
				GCC_WARN_UNUSED_VARIABLE = YES;
				IPHONEOS_DEPLOYMENT_TARGET = 16.2;
				MTL_ENABLE_DEBUG_INFO = NO;
				MTL_FAST_MATH = YES;
				SDKROOT = iphoneos;
				SWIFT_COMPILATION_MODE = wholemodule;
				SWIFT_OPTIMIZATION_LEVEL = "-O";
				VALIDATE_PRODUCT = YES;
			};
			name = Release;
		};
		07224D5E29C46C21001D9204 /* Debug */ = {
			isa = XCBuildConfiguration;
			baseConfigurationReference = AA67DAE4E18B2779D68C0B6D /* Pods-faceBookSignUp.debug.xcconfig */;
			buildSettings = {
				ASSETCATALOG_COMPILER_APPICON_NAME = AppIcon;
				ASSETCATALOG_COMPILER_GLOBAL_ACCENT_COLOR_NAME = AccentColor;
				CODE_SIGN_STYLE = Automatic;
				CURRENT_PROJECT_VERSION = 1;
				GENERATE_INFOPLIST_FILE = YES;
				INFOPLIST_FILE = faceBookSignUp/Info.plist;
				INFOPLIST_KEY_UIApplicationSupportsIndirectInputEvents = YES;
				INFOPLIST_KEY_UILaunchStoryboardName = LaunchScreen;
				INFOPLIST_KEY_UIMainStoryboardFile = Main;
				INFOPLIST_KEY_UISupportedInterfaceOrientations_iPad = "UIInterfaceOrientationPortrait UIInterfaceOrientationPortraitUpsideDown UIInterfaceOrientationLandscapeLeft UIInterfaceOrientationLandscapeRight";
				INFOPLIST_KEY_UISupportedInterfaceOrientations_iPhone = "UIInterfaceOrientationPortrait UIInterfaceOrientationLandscapeLeft UIInterfaceOrientationLandscapeRight";
				LD_RUNPATH_SEARCH_PATHS = (
					"$(inherited)",
					"@executable_path/Frameworks",
				);
				MARKETING_VERSION = 1.0;
				PRODUCT_BUNDLE_IDENTIFIER = com.faceBookSignUp.faceBookSignUp;
				PRODUCT_NAME = "$(TARGET_NAME)";
				SWIFT_EMIT_LOC_STRINGS = YES;
				SWIFT_VERSION = 5.0;
				TARGETED_DEVICE_FAMILY = "1,2";
			};
			name = Debug;
		};
		07224D5F29C46C21001D9204 /* Release */ = {
			isa = XCBuildConfiguration;
			baseConfigurationReference = DB2AF1117713F2D5F9194583 /* Pods-faceBookSignUp.release.xcconfig */;
			buildSettings = {
				ASSETCATALOG_COMPILER_APPICON_NAME = AppIcon;
				ASSETCATALOG_COMPILER_GLOBAL_ACCENT_COLOR_NAME = AccentColor;
				CODE_SIGN_STYLE = Automatic;
				CURRENT_PROJECT_VERSION = 1;
				GENERATE_INFOPLIST_FILE = YES;
				INFOPLIST_FILE = faceBookSignUp/Info.plist;
				INFOPLIST_KEY_UIApplicationSupportsIndirectInputEvents = YES;
				INFOPLIST_KEY_UILaunchStoryboardName = LaunchScreen;
				INFOPLIST_KEY_UIMainStoryboardFile = Main;
				INFOPLIST_KEY_UISupportedInterfaceOrientations_iPad = "UIInterfaceOrientationPortrait UIInterfaceOrientationPortraitUpsideDown UIInterfaceOrientationLandscapeLeft UIInterfaceOrientationLandscapeRight";
				INFOPLIST_KEY_UISupportedInterfaceOrientations_iPhone = "UIInterfaceOrientationPortrait UIInterfaceOrientationLandscapeLeft UIInterfaceOrientationLandscapeRight";
				LD_RUNPATH_SEARCH_PATHS = (
					"$(inherited)",
					"@executable_path/Frameworks",
				);
				MARKETING_VERSION = 1.0;
				PRODUCT_BUNDLE_IDENTIFIER = com.faceBookSignUp.faceBookSignUp;
				PRODUCT_NAME = "$(TARGET_NAME)";
				SWIFT_EMIT_LOC_STRINGS = YES;
				SWIFT_VERSION = 5.0;
				TARGETED_DEVICE_FAMILY = "1,2";
			};
			name = Release;
		};
/* End XCBuildConfiguration section */

/* Begin XCConfigurationList section */
		07224D4429C46C1E001D9204 /* Build configuration list for PBXProject "faceBookSignUp" */ = {
			isa = XCConfigurationList;
			buildConfigurations = (
				07224D5B29C46C21001D9204 /* Debug */,
				07224D5C29C46C21001D9204 /* Release */,
			);
			defaultConfigurationIsVisible = 0;
			defaultConfigurationName = Release;
		};
		07224D5D29C46C21001D9204 /* Build configuration list for PBXNativeTarget "faceBookSignUp" */ = {
			isa = XCConfigurationList;
			buildConfigurations = (
				07224D5E29C46C21001D9204 /* Debug */,
				07224D5F29C46C21001D9204 /* Release */,
			);
			defaultConfigurationIsVisible = 0;
			defaultConfigurationName = Release;
		};
/* End XCConfigurationList section */
	};
	rootObject = 07224D4129C46C1E001D9204 /* Project object */;
}
